
Microsoft Visual Studio Solution File, Format Version 12.00
# Visual Studio Version 17
VisualStudioVersion = 17.14.36327.8 d17.14
MinimumVisualStudioVersion = 10.0.40219.1
Project("{FAE04EC0-301F-11D3-BF4B-00C04F79EFBC}") = "drone_simple", "drone_simple\drone_simple.csproj", "{36B355E9-E5F9-4788-B802-4D072B2DDF3D}"
EndProject
Global
	GlobalSection(SolutionConfigurationPlatforms) = preSolution
		Debug|Any CPU = Debug|Any CPU
		Release|Any CPU = Release|Any CPU
	EndGlobalSection
	GlobalSection(ProjectConfigurationPlatforms) = postSolution
		{36B355E9-E5F9-4788-B802-4D072B2DDF3D}.Debug|Any CPU.ActiveCfg = Debug|Any CPU
		{36B355E9-E5F9-4788-B802-4D072B2DDF3D}.Debug|Any CPU.Build.0 = Debug|Any CPU
		{36B355E9-E5F9-4788-B802-4D072B2DDF3D}.Release|Any CPU.ActiveCfg = Release|Any CPU
		{36B355E9-E5F9-4788-B802-4D072B2DDF3D}.Release|Any CPU.Build.0 = Release|Any CPU
	EndGlobalSection
	GlobalSection(SolutionProperties) = preSolution
		HideSolutionNode = FALSE
	EndGlobalSection
	GlobalSection(ExtensibilityGlobals) = postSolution
		SolutionGuid = {ADC733C6-19B1-452D-95D0-59F0C2D64EF8}
	EndGlobalSection
EndGlobal
